
Microsoft Visual Studio Solution File, Format Version 12.00
# Visual Studio Version 17
VisualStudioVersion = 17.14.36109.1 d17.14
MinimumVisualStudioVersion = 10.0.40219.1
Project("{FAE04EC0-301F-11D3-BF4B-00C04F79EFBC}") = "CPAgenda", "CPAgenda\CPAgenda.csproj", "{3AE15642-EC92-4761-99F3-7CB4A4788CB1}"
EndProject
Global
	GlobalSection(SolutionConfigurationPlatforms) = preSolution
		Debug|Any CPU = Debug|Any CPU
		Release|Any CPU = Release|Any CPU
	EndGlobalSection
	GlobalSection(ProjectConfigurationPlatforms) = postSolution
		{3AE15642-EC92-4761-99F3-7CB4A4788CB1}.Debug|Any CPU.ActiveCfg = Debug|Any CPU
		{3AE15642-EC92-4761-99F3-7CB4A4788CB1}.Debug|Any CPU.Build.0 = Debug|Any CPU
		{3AE15642-EC92-4761-99F3-7CB4A4788CB1}.Release|Any CPU.ActiveCfg = Release|Any CPU
		{3AE15642-EC92-4761-99F3-7CB4A4788CB1}.Release|Any CPU.Build.0 = Release|Any CPU
	EndGlobalSection
	GlobalSection(SolutionProperties) = preSolution
		HideSolutionNode = FALSE
	EndGlobalSection
	GlobalSection(ExtensibilityGlobals) = postSolution
		SolutionGuid = {50AFCF99-29A5-4C58-A007-BFBC01EF7E82}
	EndGlobalSection
EndGlobal
